
Microsoft Visual Studio Solution File, Format Version 12.00
# Visual Studio Version 17
VisualStudioVersion = 17.10.35122.118
MinimumVisualStudioVersion = 10.0.40219.1
Project("{FAE04EC0-301F-11D3-BF4B-00C04F79EFBC}") = "GSTSMS", "GSTSMS\GSTSMS.csproj", "{6C1F2D6C-8C7B-434A-92DD-ABE86918AE28}"
EndProject
Project("{FAE04EC0-301F-11D3-BF4B-00C04F79EFBC}") = "GSTSMSLibrary", "GSTSMSLibrary\GSTSMSLibrary.csproj", "{7D9EE404-9D69-41B5-B8C0-986D1F0DD7D6}"
EndProject
Project("{FAE04EC0-301F-11D3-BF4B-00C04F79EFBC}") = "GSTSMSHelper", "GSTSMSHelper\GSTSMSHelper.csproj", "{67DD8D65-AE3D-4AB1-8A65-ABD4481D4970}"
EndProject
Global
	GlobalSection(SolutionConfigurationPlatforms) = preSolution
		Debug|Any CPU = Debug|Any CPU
		Release|Any CPU = Release|Any CPU
	EndGlobalSection
	GlobalSection(ProjectConfigurationPlatforms) = postSolution
		{6C1F2D6C-8C7B-434A-92DD-ABE86918AE28}.Debug|Any CPU.ActiveCfg = Debug|Any CPU
		{6C1F2D6C-8C7B-434A-92DD-ABE86918AE28}.Debug|Any CPU.Build.0 = Debug|Any CPU
		{6C1F2D6C-8C7B-434A-92DD-ABE86918AE28}.Release|Any CPU.ActiveCfg = Release|Any CPU
		{6C1F2D6C-8C7B-434A-92DD-ABE86918AE28}.Release|Any CPU.Build.0 = Release|Any CPU
		{7D9EE404-9D69-41B5-B8C0-986D1F0DD7D6}.Debug|Any CPU.ActiveCfg = Debug|Any CPU
		{7D9EE404-9D69-41B5-B8C0-986D1F0DD7D6}.Debug|Any CPU.Build.0 = Debug|Any CPU
		{7D9EE404-9D69-41B5-B8C0-986D1F0DD7D6}.Release|Any CPU.ActiveCfg = Release|Any CPU
		{7D9EE404-9D69-41B5-B8C0-986D1F0DD7D6}.Release|Any CPU.Build.0 = Release|Any CPU
		{67DD8D65-AE3D-4AB1-8A65-ABD4481D4970}.Debug|Any CPU.ActiveCfg = Debug|Any CPU
		{67DD8D65-AE3D-4AB1-8A65-ABD4481D4970}.Debug|Any CPU.Build.0 = Debug|Any CPU
		{67DD8D65-AE3D-4AB1-8A65-ABD4481D4970}.Release|Any CPU.ActiveCfg = Release|Any CPU
		{67DD8D65-AE3D-4AB1-8A65-ABD4481D4970}.Release|Any CPU.Build.0 = Release|Any CPU
	EndGlobalSection
	GlobalSection(SolutionProperties) = preSolution
		HideSolutionNode = FALSE
	EndGlobalSection
	GlobalSection(ExtensibilityGlobals) = postSolution
		SolutionGuid = {D7721A3B-2F0C-4378-8B55-BA135F6F187C}
	EndGlobalSection
EndGlobal
